
Microsoft Visual Studio Solution File, Format Version 12.00
# Visual Studio Version 17
VisualStudioVersion = 17.9.34728.123
MinimumVisualStudioVersion = 10.0.40219.1
Project("{FAE04EC0-301F-11D3-BF4B-00C04F79EFBC}") = "Latih5_TipeDataListObject", "Latih5_TipeDataListObject.csproj", "{00C68D40-0BA6-4DFA-B515-10F1A20F59A0}"
EndProject
Global
	GlobalSection(SolutionConfigurationPlatforms) = preSolution
		Debug|Any CPU = Debug|Any CPU
		Release|Any CPU = Release|Any CPU
	EndGlobalSection
	GlobalSection(ProjectConfigurationPlatforms) = postSolution
		{00C68D40-0BA6-4DFA-B515-10F1A20F59A0}.Debug|Any CPU.ActiveCfg = Debug|Any CPU
		{00C68D40-0BA6-4DFA-B515-10F1A20F59A0}.Debug|Any CPU.Build.0 = Debug|Any CPU
		{00C68D40-0BA6-4DFA-B515-10F1A20F59A0}.Release|Any CPU.ActiveCfg = Release|Any CPU
		{00C68D40-0BA6-4DFA-B515-10F1A20F59A0}.Release|Any CPU.Build.0 = Release|Any CPU
	EndGlobalSection
	GlobalSection(SolutionProperties) = preSolution
		HideSolutionNode = FALSE
	EndGlobalSection
	GlobalSection(ExtensibilityGlobals) = postSolution
		SolutionGuid = {A5BAE40C-F217-4A34-ACA7-28FBA705C365}
	EndGlobalSection
EndGlobal
